// !$*UTF8*$!
{
	archiveVersion = 1;
	classes = {
	};
	objectVersion = 50;
	objects = {

/* Begin PBXBuildFile section */
		ED1D081D26C5ABF7001CA0EE /* UIButtonExtension.swift in Sources */ = {isa = PBXBuildFile; fileRef = ED1D081C26C5ABF7001CA0EE /* UIButtonExtension.swift */; };
		ED7C1D9C26B4D9280097D6CE /* AppDelegate.swift in Sources */ = {isa = PBXBuildFile; fileRef = ED7C1D9B26B4D9280097D6CE /* AppDelegate.swift */; };
		ED7C1DA526B4D92C0097D6CE /* Assets.xcassets in Resources */ = {isa = PBXBuildFile; fileRef = ED7C1DA426B4D92C0097D6CE /* Assets.xcassets */; };
		ED7C1DA826B4D92C0097D6CE /* LaunchScreen.storyboard in Resources */ = {isa = PBXBuildFile; fileRef = ED7C1DA626B4D92C0097D6CE /* LaunchScreen.storyboard */; };
		ED7C1DEF26B63DDA0097D6CE /* HomeViewController.swift in Sources */ = {isa = PBXBuildFile; fileRef = ED7C1DED26B63DDA0097D6CE /* HomeViewController.swift */; };
		ED7C1DF026B63DDA0097D6CE /* HomeViewController.xib in Resources */ = {isa = PBXBuildFile; fileRef = ED7C1DEE26B63DDA0097D6CE /* HomeViewController.xib */; };
/* End PBXBuildFile section */

/* Begin PBXFileReference section */
		ED1D081C26C5ABF7001CA0EE /* UIButtonExtension.swift */ = {isa = PBXFileReference; lastKnownFileType = sourcecode.swift; path = UIButtonExtension.swift; sourceTree = "<group>"; };
		ED7C1D9826B4D9280097D6CE /* Calculadora.app */ = {isa = PBXFileReference; explicitFileType = wrapper.application; includeInIndex = 0; path = Calculadora.app; sourceTree = BUILT_PRODUCTS_DIR; };
		ED7C1D9B26B4D9280097D6CE /* AppDelegate.swift */ = {isa = PBXFileReference; lastKnownFileType = sourcecode.swift; path = AppDelegate.swift; sourceTree = "<group>"; };
		ED7C1DA426B4D92C0097D6CE /* Assets.xcassets */ = {isa = PBXFileReference; lastKnownFileType = folder.assetcatalog; path = Assets.xcassets; sourceTree = "<group>"; };
		ED7C1DA726B4D92C0097D6CE /* Base */ = {isa = PBXFileReference; lastKnownFileType = file.storyboard; name = Base; path = Base.lproj/LaunchScreen.storyboard; sourceTree = "<group>"; };
		ED7C1DA926B4D92D0097D6CE /* Info.plist */ = {isa = PBXFileReference; lastKnownFileType = text.plist.xml; path = Info.plist; sourceTree = "<group>"; };
		ED7C1DED26B63DDA0097D6CE /* HomeViewController.swift */ = {isa = PBXFileReference; lastKnownFileType = sourcecode.swift; path = HomeViewController.swift; sourceTree = "<group>"; };
		ED7C1DEE26B63DDA0097D6CE /* HomeViewController.xib */ = {isa = PBXFileReference; lastKnownFileType = file.xib; path = HomeViewController.xib; sourceTree = "<group>"; };
/* End PBXFileReference section */

/* Begin PBXFrameworksBuildPhase section */
		ED7C1D9526B4D9280097D6CE /* Frameworks */ = {
			isa = PBXFrameworksBuildPhase;
			buildActionMask = 2147483647;
			files = (
			);
			runOnlyForDeploymentPostprocessing = 0;
		};
/* End PBXFrameworksBuildPhase section */

/* Begin PBXGroup section */
		ED7C1D8F26B4D9280097D6CE = {
			isa = PBXGroup;
			children = (
				ED7C1D9A26B4D9280097D6CE /* Calculadora */,
				ED7C1DA426B4D92C0097D6CE /* Assets.xcassets */,
				ED7C1D9926B4D9280097D6CE /* Products */,
			);
			sourceTree = "<group>";
		};
		ED7C1D9926B4D9280097D6CE /* Products */ = {
			isa = PBXGroup;
			children = (
				ED7C1D9826B4D9280097D6CE /* Calculadora.app */,
			);
			name = Products;
			sourceTree = "<group>";
		};
		ED7C1D9A26B4D9280097D6CE /* Calculadora */ = {
			isa = PBXGroup;
			children = (
				ED7C1D9B26B4D9280097D6CE /* AppDelegate.swift */,
				ED7C1DDD26B62AB60097D6CE /* View */,
				ED7C1DDC26B62AAE0097D6CE /* Controller */,
				ED7C1DDB26B62AA50097D6CE /* Model */,
				ED7C1DDE26B62ACB0097D6CE /* Util */,
				ED7C1DE526B62E150097D6CE /* Supporting Files */,
			);
			path = Calculadora;
			sourceTree = "<group>";
		};
		ED7C1DDB26B62AA50097D6CE /* Model */ = {
			isa = PBXGroup;
			children = (
			);
			path = Model;
			sourceTree = "<group>";
		};
		ED7C1DDC26B62AAE0097D6CE /* Controller */ = {
			isa = PBXGroup;
			children = (
				ED7C1DEC26B63D870097D6CE /* Home */,
			);
			path = Controller;
			sourceTree = "<group>";
		};
		ED7C1DDD26B62AB60097D6CE /* View */ = {
			isa = PBXGroup;
			children = (
				ED7C1DDF26B62B830097D6CE /* Launch */,
				ED7C1DEB26B63D670097D6CE /* Home */,
			);
			path = View;
			sourceTree = "<group>";
		};
		ED7C1DDE26B62ACB0097D6CE /* Util */ = {
			isa = PBXGroup;
			children = (
				ED1D081C26C5ABF7001CA0EE /* UIButtonExtension.swift */,
			);
			path = Util;
			sourceTree = "<group>";
		};
		ED7C1DDF26B62B830097D6CE /* Launch */ = {
			isa = PBXGroup;
			children = (
				ED7C1DA626B4D92C0097D6CE /* LaunchScreen.storyboard */,
			);
			path = Launch;
			sourceTree = "<group>";
		};
		ED7C1DE526B62E150097D6CE /* Supporting Files */ = {
			isa = PBXGroup;
			children = (
				ED7C1DA926B4D92D0097D6CE /* Info.plist */,
			);
			path = "Supporting Files";
			sourceTree = "<group>";
		};
		ED7C1DEB26B63D670097D6CE /* Home */ = {
			isa = PBXGroup;
			children = (
				ED7C1DEE26B63DDA0097D6CE /* HomeViewController.xib */,
			);
			path = Home;
			sourceTree = "<group>";
		};
		ED7C1DEC26B63D870097D6CE /* Home */ = {
			isa = PBXGroup;
			children = (
				ED7C1DED26B63DDA0097D6CE /* HomeViewController.swift */,
			);
			path = Home;
			sourceTree = "<group>";
		};
/* End PBXGroup section */

/* Begin PBXNativeTarget section */
		ED7C1D9726B4D9280097D6CE /* Calculadora */ = {
			isa = PBXNativeTarget;
			buildConfigurationList = ED7C1DAC26B4D92D0097D6CE /* Build configuration list for PBXNativeTarget "Calculadora" */;
			buildPhases = (
				ED7C1D9426B4D9280097D6CE /* Sources */,
				ED7C1D9526B4D9280097D6CE /* Frameworks */,
				ED7C1D9626B4D9280097D6CE /* Resources */,
			);
			buildRules = (
			);
			dependencies = (
			);
			name = Calculadora;
			productName = Calculadora;
			productReference = ED7C1D9826B4D9280097D6CE /* Calculadora.app */;
			productType = "com.apple.product-type.application";
		};
/* End PBXNativeTarget section */

/* Begin PBXProject section */
		ED7C1D9026B4D9280097D6CE /* Project object */ = {
			isa = PBXProject;
			attributes = {
				LastSwiftUpdateCheck = 1240;
				LastUpgradeCheck = 1240;
				TargetAttributes = {
					ED7C1D9726B4D9280097D6CE = {
						CreatedOnToolsVersion = 12.4;
					};
				};
			};
			buildConfigurationList = ED7C1D9326B4D9280097D6CE /* Build configuration list for PBXProject "Calculadora" */;
			compatibilityVersion = "Xcode 9.3";
			developmentRegion = en;
			hasScannedForEncodings = 0;
			knownRegions = (
				en,
				Base,
			);
			mainGroup = ED7C1D8F26B4D9280097D6CE;
			productRefGroup = ED7C1D9926B4D9280097D6CE /* Products */;
			projectDirPath = "";
			projectRoot = "";
			targets = (
				ED7C1D9726B4D9280097D6CE /* Calculadora */,
			);
		};
/* End PBXProject section */

/* Begin PBXResourcesBuildPhase section */
		ED7C1D9626B4D9280097D6CE /* Resources */ = {
			isa = PBXResourcesBuildPhase;
			buildActionMask = 2147483647;
			files = (
				ED7C1DA826B4D92C0097D6CE /* LaunchScreen.storyboard in Resources */,
				ED7C1DA526B4D92C0097D6CE /* Assets.xcassets in Resources */,
				ED7C1DF026B63DDA0097D6CE /* HomeViewController.xib in Resources */,
			);
			runOnlyForDeploymentPostprocessing = 0;
		};
/* End PBXResourcesBuildPhase section */

/* Begin PBXSourcesBuildPhase section */
		ED7C1D9426B4D9280097D6CE /* Sources */ = {
			isa = PBXSourcesBuildPhase;
			buildActionMask = 2147483647;
			files = (
				ED7C1D9C26B4D9280097D6CE /* AppDelegate.swift in Sources */,
				ED7C1DEF26B63DDA0097D6CE /* HomeViewController.swift in Sources */,
				ED1D081D26C5ABF7001CA0EE /* UIButtonExtension.swift in Sources */,
			);
			runOnlyForDeploymentPostprocessing = 0;
		};
/* End PBXSourcesBuildPhase section */

/* Begin PBXVariantGroup section */
		ED7C1DA626B4D92C0097D6CE /* LaunchScreen.storyboard */ = {
			isa = PBXVariantGroup;
			children = (
				ED7C1DA726B4D92C0097D6CE /* Base */,
			);
			name = LaunchScreen.storyboard;
			sourceTree = "<group>";
		};
/* End PBXVariantGroup section */

/* Begin XCBuildConfiguration section */
		ED7C1DAA26B4D92D0097D6CE /* Debug */ = {
			isa = XCBuildConfiguration;
			buildSettings = {
				ALWAYS_SEARCH_USER_PATHS = NO;
				CLANG_ANALYZER_NONNULL = YES;
				CLANG_ANALYZER_NUMBER_OBJECT_CONVERSION = YES_AGGRESSIVE;
				CLANG_CXX_LANGUAGE_STANDARD = "gnu++14";
				CLANG_CXX_LIBRARY = "libc++";
				CLANG_ENABLE_MODULES = YES;
				CLANG_ENABLE_OBJC_ARC = YES;
				CLANG_ENABLE_OBJC_WEAK = YES;
				CLANG_WARN_BLOCK_CAPTURE_AUTORELEASING = YES;
				CLANG_WARN_BOOL_CONVERSION = YES;
				CLANG_WARN_COMMA = YES;
				CLANG_WARN_CONSTANT_CONVERSION = YES;
				CLANG_WARN_DEPRECATED_OBJC_IMPLEMENTATIONS = YES;
				CLANG_WARN_DIRECT_OBJC_ISA_USAGE = YES_ERROR;
				CLANG_WARN_DOCUMENTATION_COMMENTS = YES;
				CLANG_WARN_EMPTY_BODY = YES;
				CLANG_WARN_ENUM_CONVERSION = YES;
				CLANG_WARN_INFINITE_RECURSION = YES;
				CLANG_WARN_INT_CONVERSION = YES;
				CLANG_WARN_NON_LITERAL_NULL_CONVERSION = YES;
				CLANG_WARN_OBJC_IMPLICIT_RETAIN_SELF = YES;
				CLANG_WARN_OBJC_LITERAL_CONVERSION = YES;
				CLANG_WARN_OBJC_ROOT_CLASS = YES_ERROR;
				CLANG_WARN_QUOTED_INCLUDE_IN_FRAMEWORK_HEADER = YES;
				CLANG_WARN_RANGE_LOOP_ANALYSIS = YES;
				CLANG_WARN_STRICT_PROTOTYPES = YES;
				CLANG_WARN_SUSPICIOUS_MOVE = YES;
				CLANG_WARN_UNGUARDED_AVAILABILITY = YES_AGGRESSIVE;
				CLANG_WARN_UNREACHABLE_CODE = YES;
				CLANG_WARN__DUPLICATE_METHOD_MATCH = YES;
				COPY_PHASE_STRIP = NO;
				DEBUG_INFORMATION_FORMAT = dwarf;
				ENABLE_STRICT_OBJC_MSGSEND = YES;
				ENABLE_TESTABILITY = YES;
				GCC_C_LANGUAGE_STANDARD = gnu11;
				GCC_DYNAMIC_NO_PIC = NO;
				GCC_NO_COMMON_BLOCKS = YES;
				GCC_OPTIMIZATION_LEVEL = 0;
				GCC_PREPROCESSOR_DEFINITIONS = (
					"DEBUG=1",
					"$(inherited)",
				);
				GCC_WARN_64_TO_32_BIT_CONVERSION = YES;
				GCC_WARN_ABOUT_RETURN_TYPE = YES_ERROR;
				GCC_WARN_UNDECLARED_SELECTOR = YES;
				GCC_WARN_UNINITIALIZED_AUTOS = YES_AGGRESSIVE;
				GCC_WARN_UNUSED_FUNCTION = YES;
				GCC_WARN_UNUSED_VARIABLE = YES;
				INFOPLIST_FILE = "Calculadora/Supporting Files/Info.plist";
				IPHONEOS_DEPLOYMENT_TARGET = 10.0;
				MTL_ENABLE_DEBUG_INFO = INCLUDE_SOURCE;
				MTL_FAST_MATH = YES;
				ONLY_ACTIVE_ARCH = YES;
				SDKROOT = iphoneos;
				SWIFT_ACTIVE_COMPILATION_CONDITIONS = DEBUG;
				SWIFT_OPTIMIZATION_LEVEL = "-Onone";
			};
			name = Debug;
		};
		ED7C1DAB26B4D92D0097D6CE /* Release */ = {
			isa = XCBuildConfiguration;
			buildSettings = {
				ALWAYS_SEARCH_USER_PATHS = NO;
				CLANG_ANALYZER_NONNULL = YES;
				CLANG_ANALYZER_NUMBER_OBJECT_CONVERSION = YES_AGGRESSIVE;
				CLANG_CXX_LANGUAGE_STANDARD = "gnu++14";
				CLANG_CXX_LIBRARY = "libc++";
				CLANG_ENABLE_MODULES = YES;
				CLANG_ENABLE_OBJC_ARC = YES;
				CLANG_ENABLE_OBJC_WEAK = YES;
				CLANG_WARN_BLOCK_CAPTURE_AUTORELEASING = YES;
				CLANG_WARN_BOOL_CONVERSION = YES;
				CLANG_WARN_COMMA = YES;
				CLANG_WARN_CONSTANT_CONVERSION = YES;
				CLANG_WARN_DEPRECATED_OBJC_IMPLEMENTATIONS = YES;
				CLANG_WARN_DIRECT_OBJC_ISA_USAGE = YES_ERROR;
				CLANG_WARN_DOCUMENTATION_COMMENTS = YES;
				CLANG_WARN_EMPTY_BODY = YES;
				CLANG_WARN_ENUM_CONVERSION = YES;
				CLANG_WARN_INFINITE_RECURSION = YES;
				CLANG_WARN_INT_CONVERSION = YES;
				CLANG_WARN_NON_LITERAL_NULL_CONVERSION = YES;
				CLANG_WARN_OBJC_IMPLICIT_RETAIN_SELF = YES;
				CLANG_WARN_OBJC_LITERAL_CONVERSION = YES;
				CLANG_WARN_OBJC_ROOT_CLASS = YES_ERROR;
				CLANG_WARN_QUOTED_INCLUDE_IN_FRAMEWORK_HEADER = YES;
				CLANG_WARN_RANGE_LOOP_ANALYSIS = YES;
				CLANG_WARN_STRICT_PROTOTYPES = YES;
				CLANG_WARN_SUSPICIOUS_MOVE = YES;
				CLANG_WARN_UNGUARDED_AVAILABILITY = YES_AGGRESSIVE;
				CLANG_WARN_UNREACHABLE_CODE = YES;
				CLANG_WARN__DUPLICATE_METHOD_MATCH = YES;
				COPY_PHASE_STRIP = NO;
				DEBUG_INFORMATION_FORMAT = "dwarf-with-dsym";
				ENABLE_NS_ASSERTIONS = NO;
				ENABLE_STRICT_OBJC_MSGSEND = YES;
				GCC_C_LANGUAGE_STANDARD = gnu11;
				GCC_NO_COMMON_BLOCKS = YES;
				GCC_WARN_64_TO_32_BIT_CONVERSION = YES;
				GCC_WARN_ABOUT_RETURN_TYPE = YES_ERROR;
				GCC_WARN_UNDECLARED_SELECTOR = YES;
				GCC_WARN_UNINITIALIZED_AUTOS = YES_AGGRESSIVE;
				GCC_WARN_UNUSED_FUNCTION = YES;
				GCC_WARN_UNUSED_VARIABLE = YES;
				INFOPLIST_FILE = "Calculadora/Supporting Files/Info.plist";
				IPHONEOS_DEPLOYMENT_TARGET = 10.0;
				MTL_ENABLE_DEBUG_INFO = NO;
				MTL_FAST_MATH = YES;
				SDKROOT = iphoneos;
				SWIFT_COMPILATION_MODE = wholemodule;
				SWIFT_OPTIMIZATION_LEVEL = "-O";
				VALIDATE_PRODUCT = YES;
			};
			name = Release;
		};
		ED7C1DAD26B4D92D0097D6CE /* Debug */ = {
			isa = XCBuildConfiguration;
			buildSettings = {
				ASSETCATALOG_COMPILER_APPICON_NAME = AppIcon;
				ASSETCATALOG_COMPILER_GLOBAL_ACCENT_COLOR_NAME = AccentColor;
				CODE_SIGN_STYLE = Automatic;
				CURRENT_PROJECT_VERSION = 1;
				DEVELOPMENT_TEAM = 48PU683TWT;
				INFOPLIST_FILE = "Calculadora/Supporting Files/Info.plist";
				IPHONEOS_DEPLOYMENT_TARGET = 10.0;
				LD_RUNPATH_SEARCH_PATHS = (
					"$(inherited)",
					"@executable_path/Frameworks",
				);
				MARKETING_VERSION = 1.0;
				PRODUCT_BUNDLE_IDENTIFIER = com.Sara.Calculadora;
				PRODUCT_NAME = "$(TARGET_NAME)";
				SWIFT_VERSION = 5.0;
				TARGETED_DEVICE_FAMILY = "1,2";
			};
			name = Debug;
		};
		ED7C1DAE26B4D92D0097D6CE /* Release */ = {
			isa = XCBuildConfiguration;
			buildSettings = {
				ASSETCATALOG_COMPILER_APPICON_NAME = AppIcon;
				ASSETCATALOG_COMPILER_GLOBAL_ACCENT_COLOR_NAME = AccentColor;
				CODE_SIGN_STYLE = Automatic;
				CURRENT_PROJECT_VERSION = 1;
				DEVELOPMENT_TEAM = 48PU683TWT;
				INFOPLIST_FILE = "Calculadora/Supporting Files/Info.plist";
				IPHONEOS_DEPLOYMENT_TARGET = 10.0;
				LD_RUNPATH_SEARCH_PATHS = (
					"$(inherited)",
					"@executable_path/Frameworks",
				);
				MARKETING_VERSION = 1.0;
				PRODUCT_BUNDLE_IDENTIFIER = com.Sara.Calculadora;
				PRODUCT_NAME = "$(TARGET_NAME)";
				SWIFT_VERSION = 5.0;
				TARGETED_DEVICE_FAMILY = "1,2";
			};
			name = Release;
		};
/* End XCBuildConfiguration section */

/* Begin XCConfigurationList section */
		ED7C1D9326B4D9280097D6CE /* Build configuration list for PBXProject "Calculadora" */ = {
			isa = XCConfigurationList;
			buildConfigurations = (
				ED7C1DAA26B4D92D0097D6CE /* Debug */,
				ED7C1DAB26B4D92D0097D6CE /* Release */,
			);
			defaultConfigurationIsVisible = 0;
			defaultConfigurationName = Release;
		};
		ED7C1DAC26B4D92D0097D6CE /* Build configuration list for PBXNativeTarget "Calculadora" */ = {
			isa = XCConfigurationList;
			buildConfigurations = (
				ED7C1DAD26B4D92D0097D6CE /* Debug */,
				ED7C1DAE26B4D92D0097D6CE /* Release */,
			);
			defaultConfigurationIsVisible = 0;
			defaultConfigurationName = Release;
		};
/* End XCConfigurationList section */
	};
	rootObject = ED7C1D9026B4D9280097D6CE /* Project object */;
}
